Microsoft Visual Studio Solution File, Format Version 11.00
# Visual Studio 2008

Project("{D921C622-0996-CD53-E644-1D3574CBFEB2}") = "VR-Tour", "Assembly-CSharp-firstpass.csproj", "{006E4341-8D7D-2F68-DCFA-90E3671187AA}"
EndProject
Project("{D921C622-0996-CD53-E644-1D3574CBFEB2}") = "VR-Tour", "Assembly-CSharp.csproj", "{8DA5CF62-989D-4DC2-4C5D-1761E9C2BC05}"
EndProject
Project("{D921C622-0996-CD53-E644-1D3574CBFEB2}") = "VR-Tour", "Assembly-CSharp-Editor.csproj", "{0807246B-37FB-4B11-2630-E40C8BD6E761}"
EndProject
Global
	GlobalSection(SolutionConfigurationPlatforms) = preSolution
		Debug|Any CPU = Debug|Any CPU
		Release|Any CPU = Release|Any CPU
	EndGlobalSection
	GlobalSection(ProjectConfigurationPlatforms) = postSolution
		{006E4341-8D7D-2F68-DCFA-90E3671187AA}.Debug|Any CPU.ActiveCfg = Debug|Any CPU
		{006E4341-8D7D-2F68-DCFA-90E3671187AA}.Debug|Any CPU.Build.0 = Debug|Any CPU
		{006E4341-8D7D-2F68-DCFA-90E3671187AA}.Release|Any CPU.ActiveCfg = Release|Any CPU
		{006E4341-8D7D-2F68-DCFA-90E3671187AA}.Release|Any CPU.Build.0 = Release|Any CPU
		{8DA5CF62-989D-4DC2-4C5D-1761E9C2BC05}.Debug|Any CPU.ActiveCfg = Debug|Any CPU
		{8DA5CF62-989D-4DC2-4C5D-1761E9C2BC05}.Debug|Any CPU.Build.0 = Debug|Any CPU
		{8DA5CF62-989D-4DC2-4C5D-1761E9C2BC05}.Release|Any CPU.ActiveCfg = Release|Any CPU
		{8DA5CF62-989D-4DC2-4C5D-1761E9C2BC05}.Release|Any CPU.Build.0 = Release|Any CPU
		{0807246B-37FB-4B11-2630-E40C8BD6E761}.Debug|Any CPU.ActiveCfg = Debug|Any CPU
		{0807246B-37FB-4B11-2630-E40C8BD6E761}.Debug|Any CPU.Build.0 = Debug|Any CPU
		{0807246B-37FB-4B11-2630-E40C8BD6E761}.Release|Any CPU.ActiveCfg = Release|Any CPU
		{0807246B-37FB-4B11-2630-E40C8BD6E761}.Release|Any CPU.Build.0 = Release|Any CPU
	EndGlobalSection
	GlobalSection(SolutionProperties) = preSolution
		HideSolutionNode = FALSE
	EndGlobalSection
				GlobalSection(MonoDevelopProperties) = preSolution
		StartupItem = Assembly-CSharp.csproj
		Policies = $0
		$0.TextStylePolicy = $1
		$1.inheritsSet = null
		$1.scope = text/x-csharp
		$0.CSharpFormattingPolicy = $2
		$2.inheritsSet = Mono
		$2.inheritsScope = text/x-csharp
		$2.scope = text/x-csharp
		$0.TextStylePolicy = $3
		$3.FileWidth = 120
		$3.TabWidth = 4
		$3.IndentWidth = 4
		$3.EolMarker = Unix
		$3.inheritsSet = Mono
		$3.inheritsScope = text/plain
		$3.scope = text/plain
	EndGlobalSection

EndGlobal
